
Microsoft Visual Studio Solution File, Format Version 12.00
# Visual Studio 15
VisualStudioVersion = 15.0.28010.2050
MinimumVisualStudioVersion = 10.0.40219.1
Project("{FAE04EC0-301F-11D3-BF4B-00C04F79EFBC}") = "AreaCalculator.Interfaces", "AreaCalculator.Interfaces\AreaCalculator.Interfaces.csproj", "{66AC4667-2AAB-4FDF-BCB4-2C9C4E27D585}"
EndProject
Project("{FAE04EC0-301F-11D3-BF4B-00C04F79EFBC}") = "AreaCalculator.Implementations", "AreaCalculator.Implementations\AreaCalculator.Implementations.csproj", "{B6DFCD08-5E13-4AB1-93F8-A3CF1A3A90A1}"
EndProject
Project("{FAE04EC0-301F-11D3-BF4B-00C04F79EFBC}") = "AreaCalculator.UnitTests", "AreaCalculator.UnitTests\AreaCalculator.UnitTests.csproj", "{5CA1A6AA-CE41-4DE9-A321-EAF8E893B4FD}"
EndProject
Global
	GlobalSection(SolutionConfigurationPlatforms) = preSolution
		Debug|Any CPU = Debug|Any CPU
		Release|Any CPU = Release|Any CPU
	EndGlobalSection
	GlobalSection(ProjectConfigurationPlatforms) = postSolution
		{66AC4667-2AAB-4FDF-BCB4-2C9C4E27D585}.Debug|Any CPU.ActiveCfg = Debug|Any CPU
		{66AC4667-2AAB-4FDF-BCB4-2C9C4E27D585}.Debug|Any CPU.Build.0 = Debug|Any CPU
		{66AC4667-2AAB-4FDF-BCB4-2C9C4E27D585}.Release|Any CPU.ActiveCfg = Release|Any CPU
		{66AC4667-2AAB-4FDF-BCB4-2C9C4E27D585}.Release|Any CPU.Build.0 = Release|Any CPU
		{B6DFCD08-5E13-4AB1-93F8-A3CF1A3A90A1}.Debug|Any CPU.ActiveCfg = Debug|Any CPU
		{B6DFCD08-5E13-4AB1-93F8-A3CF1A3A90A1}.Debug|Any CPU.Build.0 = Debug|Any CPU
		{B6DFCD08-5E13-4AB1-93F8-A3CF1A3A90A1}.Release|Any CPU.ActiveCfg = Release|Any CPU
		{B6DFCD08-5E13-4AB1-93F8-A3CF1A3A90A1}.Release|Any CPU.Build.0 = Release|Any CPU
		{5CA1A6AA-CE41-4DE9-A321-EAF8E893B4FD}.Debug|Any CPU.ActiveCfg = Debug|Any CPU
		{5CA1A6AA-CE41-4DE9-A321-EAF8E893B4FD}.Debug|Any CPU.Build.0 = Debug|Any CPU
		{5CA1A6AA-CE41-4DE9-A321-EAF8E893B4FD}.Release|Any CPU.ActiveCfg = Release|Any CPU
		{5CA1A6AA-CE41-4DE9-A321-EAF8E893B4FD}.Release|Any CPU.Build.0 = Release|Any CPU
	EndGlobalSection
	GlobalSection(SolutionProperties) = preSolution
		HideSolutionNode = FALSE
	EndGlobalSection
	GlobalSection(ExtensibilityGlobals) = postSolution
		SolutionGuid = {76AEFF56-8B37-4A41-9338-120AC260AFCA}
	EndGlobalSection
EndGlobal
